
Microsoft Visual Studio Solution File, Format Version 12.00
# Visual Studio Version 17
VisualStudioVersion = 17.6.33829.357
MinimumVisualStudioVersion = 10.0.40219.1
Project("{FAE04EC0-301F-11D3-BF4B-00C04F79EFBC}") = "Calc", "Calc\Calc.csproj", "{5AECA225-F814-483F-9D34-2B687D3C4D0B}"
EndProject
Global
	GlobalSection(SolutionConfigurationPlatforms) = preSolution
		Debug|Any CPU = Debug|Any CPU
		Release|Any CPU = Release|Any CPU
	EndGlobalSection
	GlobalSection(ProjectConfigurationPlatforms) = postSolution
		{5AECA225-F814-483F-9D34-2B687D3C4D0B}.Debug|Any CPU.ActiveCfg = Debug|Any CPU
		{5AECA225-F814-483F-9D34-2B687D3C4D0B}.Debug|Any CPU.Build.0 = Debug|Any CPU
		{5AECA225-F814-483F-9D34-2B687D3C4D0B}.Release|Any CPU.ActiveCfg = Release|Any CPU
		{5AECA225-F814-483F-9D34-2B687D3C4D0B}.Release|Any CPU.Build.0 = Release|Any CPU
	EndGlobalSection
	GlobalSection(SolutionProperties) = preSolution
		HideSolutionNode = FALSE
	EndGlobalSection
	GlobalSection(ExtensibilityGlobals) = postSolution
		SolutionGuid = {D1D044B2-C3AF-4287-A51D-50A9ABE5B122}
	EndGlobalSection
EndGlobal
